
Microsoft Visual Studio Solution File, Format Version 12.00
# Visual Studio Version 17
VisualStudioVersion = 17.6.33815.320
MinimumVisualStudioVersion = 10.0.40219.1
Project("{FAE04EC0-301F-11D3-BF4B-00C04F79EFBC}") = "GGGGG", "GGGGG\GGGGG.csproj", "{42410110-9EA5-4D60-9251-E480523B886D}"
EndProject
Global
	GlobalSection(SolutionConfigurationPlatforms) = preSolution
		Debug|Any CPU = Debug|Any CPU
		Release|Any CPU = Release|Any CPU
	EndGlobalSection
	GlobalSection(ProjectConfigurationPlatforms) = postSolution
		{42410110-9EA5-4D60-9251-E480523B886D}.Debug|Any CPU.ActiveCfg = Debug|Any CPU
		{42410110-9EA5-4D60-9251-E480523B886D}.Debug|Any CPU.Build.0 = Debug|Any CPU
		{42410110-9EA5-4D60-9251-E480523B886D}.Release|Any CPU.ActiveCfg = Release|Any CPU
		{42410110-9EA5-4D60-9251-E480523B886D}.Release|Any CPU.Build.0 = Release|Any CPU
	EndGlobalSection
	GlobalSection(SolutionProperties) = preSolution
		HideSolutionNode = FALSE
	EndGlobalSection
	GlobalSection(ExtensibilityGlobals) = postSolution
		SolutionGuid = {12C37BE8-9A35-4738-92BE-2FBAC47B1710}
	EndGlobalSection
EndGlobal
